// !$*UTF8*$!
{
	archiveVersion = 1;
	classes = {
	};
	objectVersion = 52;
	objects = {

/* Begin PBXBuildFile section */
		572709D22498BD4D00EA055A /* AppDelegate.swift in Sources */ = {isa = PBXBuildFile; fileRef = 572709D12498BD4D00EA055A /* AppDelegate.swift */; };
		572709D42498BD4D00EA055A /* SceneDelegate.swift in Sources */ = {isa = PBXBuildFile; fileRef = 572709D32498BD4D00EA055A /* SceneDelegate.swift */; };
		572709D62498BD4D00EA055A /* ContentView.swift in Sources */ = {isa = PBXBuildFile; fileRef = 572709D52498BD4D00EA055A /* ContentView.swift */; };
		572709D82498BD5000EA055A /* Assets.xcassets in Resources */ = {isa = PBXBuildFile; fileRef = 572709D72498BD5000EA055A /* Assets.xcassets */; };
		572709DB2498BD5000EA055A /* Preview Assets.xcassets in Resources */ = {isa = PBXBuildFile; fileRef = 572709DA2498BD5000EA055A /* Preview Assets.xcassets */; };
		572709DE2498BD5000EA055A /* LaunchScreen.storyboard in Resources */ = {isa = PBXBuildFile; fileRef = 572709DC2498BD5000EA055A /* LaunchScreen.storyboard */; };
		572709EB2498DE2700EA055A /* QR.swift in Sources */ = {isa = PBXBuildFile; fileRef = 572709EA2498DE2700EA055A /* QR.swift */; };
		572709ED2498E84200EA055A /* video.swift in Sources */ = {isa = PBXBuildFile; fileRef = 572709EC2498E84200EA055A /* video.swift */; };
		57270AF6249913E700EA055A /* WebLink.swift in Sources */ = {isa = PBXBuildFile; fileRef = 57270AF5249913E700EA055A /* WebLink.swift */; };
		57270AF82499326800EA055A /* QRCodeView.swift in Sources */ = {isa = PBXBuildFile; fileRef = 57270AF72499326800EA055A /* QRCodeView.swift */; };
		57270AFC249962FE00EA055A /* member.swift in Sources */ = {isa = PBXBuildFile; fileRef = 57270AFB249962FE00EA055A /* member.swift */; };
		57270AFE2499639800EA055A /* memberview.swift in Sources */ = {isa = PBXBuildFile; fileRef = 57270AFD2499639800EA055A /* memberview.swift */; };
		57270B00249966B100EA055A /* memberRow.swift in Sources */ = {isa = PBXBuildFile; fileRef = 57270AFF249966B100EA055A /* memberRow.swift */; };
		57270B022499692000EA055A /* memberDetail.swift in Sources */ = {isa = PBXBuildFile; fileRef = 57270B012499692000EA055A /* memberDetail.swift */; };
		57270B242499C4D100EA055A /* News.swift in Sources */ = {isa = PBXBuildFile; fileRef = 57270B232499C4D100EA055A /* News.swift */; };
		57270B262499CB2700EA055A /* newsrow.swift in Sources */ = {isa = PBXBuildFile; fileRef = 57270B252499CB2700EA055A /* newsrow.swift */; };
		57270B282499CC8100EA055A /* newsView.swift in Sources */ = {isa = PBXBuildFile; fileRef = 57270B272499CC8100EA055A /* newsView.swift */; };
		57270B2A2499CDAB00EA055A /* newsDetail.swift in Sources */ = {isa = PBXBuildFile; fileRef = 57270B292499CDAB00EA055A /* newsDetail.swift */; };
		57D64C5424A363300031871A /* KingfisherStatic in Frameworks */ = {isa = PBXBuildFile; productRef = 57D64C5324A363300031871A /* KingfisherStatic */; };
		57D64C5624A363300031871A /* KingfisherSwiftUIStatic in Frameworks */ = {isa = PBXBuildFile; productRef = 57D64C5524A363300031871A /* KingfisherSwiftUIStatic */; };
		57D64C5824A363300031871A /* KingfisherSwiftUIDynamic in Frameworks */ = {isa = PBXBuildFile; productRef = 57D64C5724A363300031871A /* KingfisherSwiftUIDynamic */; };
		57D64C5924A363300031871A /* KingfisherSwiftUIDynamic in Embed Frameworks */ = {isa = PBXBuildFile; productRef = 57D64C5724A363300031871A /* KingfisherSwiftUIDynamic */; settings = {ATTRIBUTES = (CodeSignOnCopy, ); }; };
		57D64C5B24A363300031871A /* Kingfisher in Frameworks */ = {isa = PBXBuildFile; productRef = 57D64C5A24A363300031871A /* Kingfisher */; };
		57D64C5D24A363300031871A /* KingfisherDynamic in Frameworks */ = {isa = PBXBuildFile; productRef = 57D64C5C24A363300031871A /* KingfisherDynamic */; };
		57D64C5E24A363300031871A /* KingfisherDynamic in Embed Frameworks */ = {isa = PBXBuildFile; productRef = 57D64C5C24A363300031871A /* KingfisherDynamic */; settings = {ATTRIBUTES = (CodeSignOnCopy, ); }; };
		57D64C6024A363300031871A /* KingfisherSwiftUI in Frameworks */ = {isa = PBXBuildFile; productRef = 57D64C5F24A363300031871A /* KingfisherSwiftUI */; };
		57D64C7A24A38AEA0031871A /* ImagePickerController.swift in Sources */ = {isa = PBXBuildFile; fileRef = 57D64C7924A38AEA0031871A /* ImagePickerController.swift */; };
		57D64C7C24A38B100031871A /* ImagePickerTabView.swift in Sources */ = {isa = PBXBuildFile; fileRef = 57D64C7B24A38B100031871A /* ImagePickerTabView.swift */; };
/* End PBXBuildFile section */

/* Begin PBXCopyFilesBuildPhase section */
		57D64C4F24A35FC70031871A /* Embed Frameworks */ = {
			isa = PBXCopyFilesBuildPhase;
			buildActionMask = 2147483647;
			dstPath = "";
			dstSubfolderSpec = 10;
			files = (
				57D64C5E24A363300031871A /* KingfisherDynamic in Embed Frameworks */,
				57D64C5924A363300031871A /* KingfisherSwiftUIDynamic in Embed Frameworks */,
			);
			name = "Embed Frameworks";
			runOnlyForDeploymentPostprocessing = 0;
		};
/* End PBXCopyFilesBuildPhase section */

/* Begin PBXFileReference section */
		572709CE2498BD4D00EA055A /* Covid-19.app */ = {isa = PBXFileReference; explicitFileType = wrapper.application; includeInIndex = 0; path = "Covid-19.app"; sourceTree = BUILT_PRODUCTS_DIR; };
		572709D12498BD4D00EA055A /* AppDelegate.swift */ = {isa = PBXFileReference; lastKnownFileType = sourcecode.swift; path = AppDelegate.swift; sourceTree = "<group>"; };
		572709D32498BD4D00EA055A /* SceneDelegate.swift */ = {isa = PBXFileReference; lastKnownFileType = sourcecode.swift; path = SceneDelegate.swift; sourceTree = "<group>"; };
		572709D52498BD4D00EA055A /* ContentView.swift */ = {isa = PBXFileReference; lastKnownFileType = sourcecode.swift; path = ContentView.swift; sourceTree = "<group>"; };
		572709D72498BD5000EA055A /* Assets.xcassets */ = {isa = PBXFileReference; lastKnownFileType = folder.assetcatalog; path = Assets.xcassets; sourceTree = "<group>"; };
		572709DA2498BD5000EA055A /* Preview Assets.xcassets */ = {isa = PBXFileReference; lastKnownFileType = folder.assetcatalog; path = "Preview Assets.xcassets"; sourceTree = "<group>"; };
		572709DD2498BD5000EA055A /* Base */ = {isa = PBXFileReference; lastKnownFileType = file.storyboard; name = Base; path = Base.lproj/LaunchScreen.storyboard; sourceTree = "<group>"; };
		572709DF2498BD5000EA055A /* Info.plist */ = {isa = PBXFileReference; lastKnownFileType = text.plist.xml; path = Info.plist; sourceTree = "<group>"; };
		572709EA2498DE2700EA055A /* QR.swift */ = {isa = PBXFileReference; lastKnownFileType = sourcecode.swift; path = QR.swift; sourceTree = "<group>"; };
		572709EC2498E84200EA055A /* video.swift */ = {isa = PBXFileReference; lastKnownFileType = sourcecode.swift; path = video.swift; sourceTree = "<group>"; };
		57270AF5249913E700EA055A /* WebLink.swift */ = {isa = PBXFileReference; lastKnownFileType = sourcecode.swift; path = WebLink.swift; sourceTree = "<group>"; };
		57270AF72499326800EA055A /* QRCodeView.swift */ = {isa = PBXFileReference; lastKnownFileType = sourcecode.swift; path = QRCodeView.swift; sourceTree = "<group>"; };
		57270AFB249962FE00EA055A /* member.swift */ = {isa = PBXFileReference; lastKnownFileType = sourcecode.swift; path = member.swift; sourceTree = "<group>"; };
		57270AFD2499639800EA055A /* memberview.swift */ = {isa = PBXFileReference; lastKnownFileType = sourcecode.swift; path = memberview.swift; sourceTree = "<group>"; };
		57270AFF249966B100EA055A /* memberRow.swift */ = {isa = PBXFileReference; lastKnownFileType = sourcecode.swift; path = memberRow.swift; sourceTree = "<group>"; };
		57270B012499692000EA055A /* memberDetail.swift */ = {isa = PBXFileReference; lastKnownFileType = sourcecode.swift; path = memberDetail.swift; sourceTree = "<group>"; };
		57270B232499C4D100EA055A /* News.swift */ = {isa = PBXFileReference; lastKnownFileType = sourcecode.swift; path = News.swift; sourceTree = "<group>"; };
		57270B252499CB2700EA055A /* newsrow.swift */ = {isa = PBXFileReference; lastKnownFileType = sourcecode.swift; path = newsrow.swift; sourceTree = "<group>"; };
		57270B272499CC8100EA055A /* newsView.swift */ = {isa = PBXFileReference; lastKnownFileType = sourcecode.swift; path = newsView.swift; sourceTree = "<group>"; };
		57270B292499CDAB00EA055A /* newsDetail.swift */ = {isa = PBXFileReference; lastKnownFileType = sourcecode.swift; path = newsDetail.swift; sourceTree = "<group>"; };
		57D64C7924A38AEA0031871A /* ImagePickerController.swift */ = {isa = PBXFileReference; lastKnownFileType = sourcecode.swift; path = ImagePickerController.swift; sourceTree = "<group>"; };
		57D64C7B24A38B100031871A /* ImagePickerTabView.swift */ = {isa = PBXFileReference; lastKnownFileType = sourcecode.swift; path = ImagePickerTabView.swift; sourceTree = "<group>"; };
/* End PBXFileReference section */

/* Begin PBXFrameworksBuildPhase section */
		572709CB2498BD4D00EA055A /* Frameworks */ = {
			isa = PBXFrameworksBuildPhase;
			buildActionMask = 2147483647;
			files = (
				57D64C6024A363300031871A /* KingfisherSwiftUI in Frameworks */,
				57D64C5B24A363300031871A /* Kingfisher in Frameworks */,
				57D64C5824A363300031871A /* KingfisherSwiftUIDynamic in Frameworks */,
				57D64C5624A363300031871A /* KingfisherSwiftUIStatic in Frameworks */,
				57D64C5424A363300031871A /* KingfisherStatic in Frameworks */,
				57D64C5D24A363300031871A /* KingfisherDynamic in Frameworks */,
			);
			runOnlyForDeploymentPostprocessing = 0;
		};
/* End PBXFrameworksBuildPhase section */

/* Begin PBXGroup section */
		572709C52498BD4D00EA055A = {
			isa = PBXGroup;
			children = (
				57270AFB249962FE00EA055A /* member.swift */,
				57270B232499C4D100EA055A /* News.swift */,
				572709D02498BD4D00EA055A /* Covid-19 */,
				572709CF2498BD4D00EA055A /* Products */,
			);
			sourceTree = "<group>";
		};
		572709CF2498BD4D00EA055A /* Products */ = {
			isa = PBXGroup;
			children = (
				572709CE2498BD4D00EA055A /* Covid-19.app */,
			);
			name = Products;
			sourceTree = "<group>";
		};
		572709D02498BD4D00EA055A /* Covid-19 */ = {
			isa = PBXGroup;
			children = (
				572709D12498BD4D00EA055A /* AppDelegate.swift */,
				572709D32498BD4D00EA055A /* SceneDelegate.swift */,
				572709D52498BD4D00EA055A /* ContentView.swift */,
				57270B012499692000EA055A /* memberDetail.swift */,
				57270AFD2499639800EA055A /* memberview.swift */,
				57270AFF249966B100EA055A /* memberRow.swift */,
				57270B292499CDAB00EA055A /* newsDetail.swift */,
				57270B272499CC8100EA055A /* newsView.swift */,
				57270B252499CB2700EA055A /* newsrow.swift */,
				572709EA2498DE2700EA055A /* QR.swift */,
				57270AF72499326800EA055A /* QRCodeView.swift */,
				572709EC2498E84200EA055A /* video.swift */,
				57270AF5249913E700EA055A /* WebLink.swift */,
				57D64C7924A38AEA0031871A /* ImagePickerController.swift */,
				57D64C7B24A38B100031871A /* ImagePickerTabView.swift */,
				572709D72498BD5000EA055A /* Assets.xcassets */,
				572709DC2498BD5000EA055A /* LaunchScreen.storyboard */,
				572709DF2498BD5000EA055A /* Info.plist */,
				572709D92498BD5000EA055A /* Preview Content */,
			);
			path = "Covid-19";
			sourceTree = "<group>";
		};
		572709D92498BD5000EA055A /* Preview Content */ = {
			isa = PBXGroup;
			children = (
				572709DA2498BD5000EA055A /* Preview Assets.xcassets */,
			);
			path = "Preview Content";
			sourceTree = "<group>";
		};
/* End PBXGroup section */

/* Begin PBXNativeTarget section */
		572709CD2498BD4D00EA055A /* Covid-19 */ = {
			isa = PBXNativeTarget;
			buildConfigurationList = 572709E22498BD5000EA055A /* Build configuration list for PBXNativeTarget "Covid-19" */;
			buildPhases = (
				572709CA2498BD4D00EA055A /* Sources */,
				572709CB2498BD4D00EA055A /* Frameworks */,
				572709CC2498BD4D00EA055A /* Resources */,
				57D64C4F24A35FC70031871A /* Embed Frameworks */,
			);
			buildRules = (
			);
			dependencies = (
			);
			name = "Covid-19";
			packageProductDependencies = (
				57D64C5324A363300031871A /* KingfisherStatic */,
				57D64C5524A363300031871A /* KingfisherSwiftUIStatic */,
				57D64C5724A363300031871A /* KingfisherSwiftUIDynamic */,
				57D64C5A24A363300031871A /* Kingfisher */,
				57D64C5C24A363300031871A /* KingfisherDynamic */,
				57D64C5F24A363300031871A /* KingfisherSwiftUI */,
			);
			productName = "Covid-19";
			productReference = 572709CE2498BD4D00EA055A /* Covid-19.app */;
			productType = "com.apple.product-type.application";
		};
/* End PBXNativeTarget section */

/* Begin PBXProject section */
		572709C62498BD4D00EA055A /* Project object */ = {
			isa = PBXProject;
			attributes = {
				LastSwiftUpdateCheck = 1110;
				LastUpgradeCheck = 1110;
				ORGANIZATIONNAME = sun;
				TargetAttributes = {
					572709CD2498BD4D00EA055A = {
						CreatedOnToolsVersion = 11.1;
					};
				};
			};
			buildConfigurationList = 572709C92498BD4D00EA055A /* Build configuration list for PBXProject "Covid-19" */;
			compatibilityVersion = "Xcode 9.3";
			developmentRegion = en;
			hasScannedForEncodings = 0;
			knownRegions = (
				en,
				Base,
			);
			mainGroup = 572709C52498BD4D00EA055A;
			packageReferences = (
				57D64C5224A363300031871A /* XCRemoteSwiftPackageReference "Kingfisher" */,
			);
			productRefGroup = 572709CF2498BD4D00EA055A /* Products */;
			projectDirPath = "";
			projectRoot = "";
			targets = (
				572709CD2498BD4D00EA055A /* Covid-19 */,
			);
		};
/* End PBXProject section */

/* Begin PBXResourcesBuildPhase section */
		572709CC2498BD4D00EA055A /* Resources */ = {
			isa = PBXResourcesBuildPhase;
			buildActionMask = 2147483647;
			files = (
				572709DE2498BD5000EA055A /* LaunchScreen.storyboard in Resources */,
				572709DB2498BD5000EA055A /* Preview Assets.xcassets in Resources */,
				572709D82498BD5000EA055A /* Assets.xcassets in Resources */,
			);
			runOnlyForDeploymentPostprocessing = 0;
		};
/* End PBXResourcesBuildPhase section */

/* Begin PBXSourcesBuildPhase section */
		572709CA2498BD4D00EA055A /* Sources */ = {
			isa = PBXSourcesBuildPhase;
			buildActionMask = 2147483647;
			files = (
				572709D22498BD4D00EA055A /* AppDelegate.swift in Sources */,
				57270AFE2499639800EA055A /* memberview.swift in Sources */,
				572709D42498BD4D00EA055A /* SceneDelegate.swift in Sources */,
				57270B2A2499CDAB00EA055A /* newsDetail.swift in Sources */,
				57270B022499692000EA055A /* memberDetail.swift in Sources */,
				572709EB2498DE2700EA055A /* QR.swift in Sources */,
				57270AF82499326800EA055A /* QRCodeView.swift in Sources */,
				57270B242499C4D100EA055A /* News.swift in Sources */,
				57D64C7C24A38B100031871A /* ImagePickerTabView.swift in Sources */,
				57270AF6249913E700EA055A /* WebLink.swift in Sources */,
				572709D62498BD4D00EA055A /* ContentView.swift in Sources */,
				572709ED2498E84200EA055A /* video.swift in Sources */,
				57D64C7A24A38AEA0031871A /* ImagePickerController.swift in Sources */,
				57270B00249966B100EA055A /* memberRow.swift in Sources */,
				57270B282499CC8100EA055A /* newsView.swift in Sources */,
				57270B262499CB2700EA055A /* newsrow.swift in Sources */,
				57270AFC249962FE00EA055A /* member.swift in Sources */,
			);
			runOnlyForDeploymentPostprocessing = 0;
		};
/* End PBXSourcesBuildPhase section */

/* Begin PBXVariantGroup section */
		572709DC2498BD5000EA055A /* LaunchScreen.storyboard */ = {
			isa = PBXVariantGroup;
			children = (
				572709DD2498BD5000EA055A /* Base */,
			);
			name = LaunchScreen.storyboard;
			sourceTree = "<group>";
		};
/* End PBXVariantGroup section */

/* Begin XCBuildConfiguration section */
		572709E02498BD5000EA055A /* Debug */ = {
			isa = XCBuildConfiguration;
			buildSettings = {
				ALWAYS_SEARCH_USER_PATHS = NO;
				CLANG_ANALYZER_NONNULL = YES;
				CLANG_ANALYZER_NUMBER_OBJECT_CONVERSION = YES_AGGRESSIVE;
				CLANG_CXX_LANGUAGE_STANDARD = "gnu++14";
				CLANG_CXX_LIBRARY = "libc++";
				CLANG_ENABLE_MODULES = YES;
				CLANG_ENABLE_OBJC_ARC = YES;
				CLANG_ENABLE_OBJC_WEAK = YES;
				CLANG_WARN_BLOCK_CAPTURE_AUTORELEASING = YES;
				CLANG_WARN_BOOL_CONVERSION = YES;
				CLANG_WARN_COMMA = YES;
				CLANG_WARN_CONSTANT_CONVERSION = YES;
				CLANG_WARN_DEPRECATED_OBJC_IMPLEMENTATIONS = YES;
				CLANG_WARN_DIRECT_OBJC_ISA_USAGE = YES_ERROR;
				CLANG_WARN_DOCUMENTATION_COMMENTS = YES;
				CLANG_WARN_EMPTY_BODY = YES;
				CLANG_WARN_ENUM_CONVERSION = YES;
				CLANG_WARN_INFINITE_RECURSION = YES;
				CLANG_WARN_INT_CONVERSION = YES;
				CLANG_WARN_NON_LITERAL_NULL_CONVERSION = YES;
				CLANG_WARN_OBJC_IMPLICIT_RETAIN_SELF = YES;
				CLANG_WARN_OBJC_LITERAL_CONVERSION = YES;
				CLANG_WARN_OBJC_ROOT_CLASS = YES_ERROR;
				CLANG_WARN_RANGE_LOOP_ANALYSIS = YES;
				CLANG_WARN_STRICT_PROTOTYPES = YES;
				CLANG_WARN_SUSPICIOUS_MOVE = YES;
				CLANG_WARN_UNGUARDED_AVAILABILITY = YES_AGGRESSIVE;
				CLANG_WARN_UNREACHABLE_CODE = YES;
				CLANG_WARN__DUPLICATE_METHOD_MATCH = YES;
				COPY_PHASE_STRIP = NO;
				DEBUG_INFORMATION_FORMAT = dwarf;
				ENABLE_STRICT_OBJC_MSGSEND = YES;
				ENABLE_TESTABILITY = YES;
				GCC_C_LANGUAGE_STANDARD = gnu11;
				GCC_DYNAMIC_NO_PIC = NO;
				GCC_NO_COMMON_BLOCKS = YES;
				GCC_OPTIMIZATION_LEVEL = 0;
				GCC_PREPROCESSOR_DEFINITIONS = (
					"DEBUG=1",
					"$(inherited)",
				);
				GCC_WARN_64_TO_32_BIT_CONVERSION = YES;
				GCC_WARN_ABOUT_RETURN_TYPE = YES_ERROR;
				GCC_WARN_UNDECLARED_SELECTOR = YES;
				GCC_WARN_UNINITIALIZED_AUTOS = YES_AGGRESSIVE;
				GCC_WARN_UNUSED_FUNCTION = YES;
				GCC_WARN_UNUSED_VARIABLE = YES;
				IPHONEOS_DEPLOYMENT_TARGET = 13.1;
				MTL_ENABLE_DEBUG_INFO = INCLUDE_SOURCE;
				MTL_FAST_MATH = YES;
				ONLY_ACTIVE_ARCH = YES;
				SDKROOT = iphoneos;
				SWIFT_ACTIVE_COMPILATION_CONDITIONS = DEBUG;
				SWIFT_OPTIMIZATION_LEVEL = "-Onone";
			};
			name = Debug;
		};
		572709E12498BD5000EA055A /* Release */ = {
			isa = XCBuildConfiguration;
			buildSettings = {
				ALWAYS_SEARCH_USER_PATHS = NO;
				CLANG_ANALYZER_NONNULL = YES;
				CLANG_ANALYZER_NUMBER_OBJECT_CONVERSION = YES_AGGRESSIVE;
				CLANG_CXX_LANGUAGE_STANDARD = "gnu++14";
				CLANG_CXX_LIBRARY = "libc++";
				CLANG_ENABLE_MODULES = YES;
				CLANG_ENABLE_OBJC_ARC = YES;
				CLANG_ENABLE_OBJC_WEAK = YES;
				CLANG_WARN_BLOCK_CAPTURE_AUTORELEASING = YES;
				CLANG_WARN_BOOL_CONVERSION = YES;
				CLANG_WARN_COMMA = YES;
				CLANG_WARN_CONSTANT_CONVERSION = YES;
				CLANG_WARN_DEPRECATED_OBJC_IMPLEMENTATIONS = YES;
				CLANG_WARN_DIRECT_OBJC_ISA_USAGE = YES_ERROR;
				CLANG_WARN_DOCUMENTATION_COMMENTS = YES;
				CLANG_WARN_EMPTY_BODY = YES;
				CLANG_WARN_ENUM_CONVERSION = YES;
				CLANG_WARN_INFINITE_RECURSION = YES;
				CLANG_WARN_INT_CONVERSION = YES;
				CLANG_WARN_NON_LITERAL_NULL_CONVERSION = YES;
				CLANG_WARN_OBJC_IMPLICIT_RETAIN_SELF = YES;
				CLANG_WARN_OBJC_LITERAL_CONVERSION = YES;
				CLANG_WARN_OBJC_ROOT_CLASS = YES_ERROR;
				CLANG_WARN_RANGE_LOOP_ANALYSIS = YES;
				CLANG_WARN_STRICT_PROTOTYPES = YES;
				CLANG_WARN_SUSPICIOUS_MOVE = YES;
				CLANG_WARN_UNGUARDED_AVAILABILITY = YES_AGGRESSIVE;
				CLANG_WARN_UNREACHABLE_CODE = YES;
				CLANG_WARN__DUPLICATE_METHOD_MATCH = YES;
				COPY_PHASE_STRIP = NO;
				DEBUG_INFORMATION_FORMAT = "dwarf-with-dsym";
				ENABLE_NS_ASSERTIONS = NO;
				ENABLE_STRICT_OBJC_MSGSEND = YES;
				GCC_C_LANGUAGE_STANDARD = gnu11;
				GCC_NO_COMMON_BLOCKS = YES;
				GCC_WARN_64_TO_32_BIT_CONVERSION = YES;
				GCC_WARN_ABOUT_RETURN_TYPE = YES_ERROR;
				GCC_WARN_UNDECLARED_SELECTOR = YES;
				GCC_WARN_UNINITIALIZED_AUTOS = YES_AGGRESSIVE;
				GCC_WARN_UNUSED_FUNCTION = YES;
				GCC_WARN_UNUSED_VARIABLE = YES;
				IPHONEOS_DEPLOYMENT_TARGET = 13.1;
				MTL_ENABLE_DEBUG_INFO = NO;
				MTL_FAST_MATH = YES;
				SDKROOT = iphoneos;
				SWIFT_COMPILATION_MODE = wholemodule;
				SWIFT_OPTIMIZATION_LEVEL = "-O";
				VALIDATE_PRODUCT = YES;
			};
			name = Release;
		};
		572709E32498BD5000EA055A /* Debug */ = {
			isa = XCBuildConfiguration;
			buildSettings = {
				ASSETCATALOG_COMPILER_APPICON_NAME = AppIcon;
				CODE_SIGN_STYLE = Automatic;
				DEVELOPMENT_ASSET_PATHS = "\"Covid-19/Preview Content\"";
				ENABLE_PREVIEWS = YES;
				INFOPLIST_FILE = "Covid-19/Info.plist";
				LD_RUNPATH_SEARCH_PATHS = (
					"$(inherited)",
					"@executable_path/Frameworks",
				);
				PRODUCT_BUNDLE_IDENTIFIER = "brian.Covid-19";
				PRODUCT_NAME = "$(TARGET_NAME)";
				SWIFT_VERSION = 5.0;
				TARGETED_DEVICE_FAMILY = "1,2";
			};
			name = Debug;
		};
		572709E42498BD5000EA055A /* Release */ = {
			isa = XCBuildConfiguration;
			buildSettings = {
				ASSETCATALOG_COMPILER_APPICON_NAME = AppIcon;
				CODE_SIGN_STYLE = Automatic;
				DEVELOPMENT_ASSET_PATHS = "\"Covid-19/Preview Content\"";
				ENABLE_PREVIEWS = YES;
				INFOPLIST_FILE = "Covid-19/Info.plist";
				LD_RUNPATH_SEARCH_PATHS = (
					"$(inherited)",
					"@executable_path/Frameworks",
				);
				PRODUCT_BUNDLE_IDENTIFIER = "brian.Covid-19";
				PRODUCT_NAME = "$(TARGET_NAME)";
				SWIFT_VERSION = 5.0;
				TARGETED_DEVICE_FAMILY = "1,2";
			};
			name = Release;
		};
/* End XCBuildConfiguration section */

/* Begin XCConfigurationList section */
		572709C92498BD4D00EA055A /* Build configuration list for PBXProject "Covid-19" */ = {
			isa = XCConfigurationList;
			buildConfigurations = (
				572709E02498BD5000EA055A /* Debug */,
				572709E12498BD5000EA055A /* Release */,
			);
			defaultConfigurationIsVisible = 0;
			defaultConfigurationName = Release;
		};
		572709E22498BD5000EA055A /* Build configuration list for PBXNativeTarget "Covid-19" */ = {
			isa = XCConfigurationList;
			buildConfigurations = (
				572709E32498BD5000EA055A /* Debug */,
				572709E42498BD5000EA055A /* Release */,
			);
			defaultConfigurationIsVisible = 0;
			defaultConfigurationName = Release;
		};
/* End XCConfigurationList section */

/* Begin XCRemoteSwiftPackageReference section */
		57D64C5224A363300031871A /* XCRemoteSwiftPackageReference "Kingfisher" */ = {
			isa = XCRemoteSwiftPackageReference;
			repositoryURL = "https://github.com/onevcat/Kingfisher";
			requirement = {
				kind = upToNextMajorVersion;
				minimumVersion = 5.14.0;
			};
		};
/* End XCRemoteSwiftPackageReference section */

/* Begin XCSwiftPackageProductDependency section */
		57D64C5324A363300031871A /* KingfisherStatic */ = {
			isa = XCSwiftPackageProductDependency;
			package = 57D64C5224A363300031871A /* XCRemoteSwiftPackageReference "Kingfisher" */;
			productName = KingfisherStatic;
		};
		57D64C5524A363300031871A /* KingfisherSwiftUIStatic */ = {
			isa = XCSwiftPackageProductDependency;
			package = 57D64C5224A363300031871A /* XCRemoteSwiftPackageReference "Kingfisher" */;
			productName = KingfisherSwiftUIStatic;
		};
		57D64C5724A363300031871A /* KingfisherSwiftUIDynamic */ = {
			isa = XCSwiftPackageProductDependency;
			package = 57D64C5224A363300031871A /* XCRemoteSwiftPackageReference "Kingfisher" */;
			productName = KingfisherSwiftUIDynamic;
		};
		57D64C5A24A363300031871A /* Kingfisher */ = {
			isa = XCSwiftPackageProductDependency;
			package = 57D64C5224A363300031871A /* XCRemoteSwiftPackageReference "Kingfisher" */;
			productName = Kingfisher;
		};
		57D64C5C24A363300031871A /* KingfisherDynamic */ = {
			isa = XCSwiftPackageProductDependency;
			package = 57D64C5224A363300031871A /* XCRemoteSwiftPackageReference "Kingfisher" */;
			productName = KingfisherDynamic;
		};
		57D64C5F24A363300031871A /* KingfisherSwiftUI */ = {
			isa = XCSwiftPackageProductDependency;
			package = 57D64C5224A363300031871A /* XCRemoteSwiftPackageReference "Kingfisher" */;
			productName = KingfisherSwiftUI;
		};
/* End XCSwiftPackageProductDependency section */
	};
	rootObject = 572709C62498BD4D00EA055A /* Project object */;
}
